
Microsoft Visual Studio Solution File, Format Version 12.00
# Visual Studio Version 17
VisualStudioVersion = 17.14.37411.7
MinimumVisualStudioVersion = 10.0.40219.1
Project("{FAE04EC0-301F-11D3-BF4B-00C04F79EFBC}") = "partycli", "partycli\partycli.csproj", "{11C107BC-835A-44CD-A119-7CB195AB8825}"
EndProject
Project("{FAE04EC0-301F-11D3-BF4B-00C04F79EFBC}") = "NordVPNModels", "NordVPNModels\NordVPNModels.csproj", "{089E940F-ABB2-4FDE-A4CE-44AEB8C9EE54}"
EndProject
Project("{2150E333-8FDC-42A3-9474-1A3956D46DE8}") = "Tests", "Tests", "{02EA681E-C7D8-13C7-8484-4AC65E1B71E8}"
EndProject
Project("{FAE04EC0-301F-11D3-BF4B-00C04F79EFBC}") = "partycli.Tests", "partycli.Tests\partycli.Tests.csproj", "{835E28F5-ADC9-4D2B-AD5B-13956F7523C1}"
EndProject
Global
	GlobalSection(SolutionConfigurationPlatforms) = preSolution
		Debug|Any CPU = Debug|Any CPU
		Release|Any CPU = Release|Any CPU
	EndGlobalSection
	GlobalSection(ProjectConfigurationPlatforms) = postSolution
		{11C107BC-835A-44CD-A119-7CB195AB8825}.Debug|Any CPU.ActiveCfg = Debug|Any CPU
		{11C107BC-835A-44CD-A119-7CB195AB8825}.Debug|Any CPU.Build.0 = Debug|Any CPU
		{11C107BC-835A-44CD-A119-7CB195AB8825}.Release|Any CPU.ActiveCfg = Release|Any CPU
		{11C107BC-835A-44CD-A119-7CB195AB8825}.Release|Any CPU.Build.0 = Release|Any CPU
		{089E940F-ABB2-4FDE-A4CE-44AEB8C9EE54}.Debug|Any CPU.ActiveCfg = Debug|Any CPU
		{089E940F-ABB2-4FDE-A4CE-44AEB8C9EE54}.Debug|Any CPU.Build.0 = Debug|Any CPU
		{089E940F-ABB2-4FDE-A4CE-44AEB8C9EE54}.Release|Any CPU.ActiveCfg = Release|Any CPU
		{089E940F-ABB2-4FDE-A4CE-44AEB8C9EE54}.Release|Any CPU.Build.0 = Release|Any CPU
		{835E28F5-ADC9-4D2B-AD5B-13956F7523C1}.Debug|Any CPU.ActiveCfg = Debug|Any CPU
		{835E28F5-ADC9-4D2B-AD5B-13956F7523C1}.Debug|Any CPU.Build.0 = Debug|Any CPU
		{835E28F5-ADC9-4D2B-AD5B-13956F7523C1}.Release|Any CPU.ActiveCfg = Release|Any CPU
		{835E28F5-ADC9-4D2B-AD5B-13956F7523C1}.Release|Any CPU.Build.0 = Release|Any CPU
	EndGlobalSection
	GlobalSection(SolutionProperties) = preSolution
		HideSolutionNode = FALSE
	EndGlobalSection
	GlobalSection(NestedProjects) = preSolution
		{835E28F5-ADC9-4D2B-AD5B-13956F7523C1} = {02EA681E-C7D8-13C7-8484-4AC65E1B71E8}
	EndGlobalSection
	GlobalSection(ExtensibilityGlobals) = postSolution
		SolutionGuid = {73338F4E-0A1F-445F-B7B5-291CF8190A23}
	EndGlobalSection
EndGlobal
